PODS:
  - Amplify (1.0.3):
    - Amplify/Default (= 1.0.3)
  - Amplify/Default (1.0.3)
  - Amplify/Tools (1.0.3)
  - AmplifyPlugins/AWSDataStorePlugin (1.0.3):
    - AWSAuthCore (~> 2.13.6)
    - AWSCore (~> 2.13.6)
    - AWSPluginsCore (= 1.0.3)
    - SQLite.swift (~> 0.12.0)
  - AWSAuthCore (2.13.6):
    - AWSCore (= 2.13.6)
  - AWSCognitoIdentityProvider (2.13.6):
    - AWSCognitoIdentityProviderASF (= 1.0.1)
    - AWSCore (= 2.13.6)
  - AWSCognitoIdentityProviderASF (1.0.1)
  - AWSCore (2.13.6)
  - AWSMobileClient (2.13.6):
    - AWSAuthCore (= 2.13.6)
    - AWSCognitoIdentityProvider (= 2.13.6)
  - AWSPluginsCore (1.0.3):
    - Amplify (= 1.0.3)
    - AWSCore (~> 2.13.6)
    - AWSMobileClient (~> 2.13.6)
  - SQLite.swift (0.12.2):
    - SQLite.swift/standard (= 0.12.2)
  - SQLite.swift/standard (0.12.2)

DEPENDENCIES:
  - Amplify
  - Amplify/Tools
  - AmplifyPlugins/AWSDataStorePlugin

SPEC REPOS:
  trunk:
    - Amplify
    - AmplifyPlugins
    - AWSAuthCore
    - AWSCognitoIdentityProvider
    - AWSCognitoIdentityProviderASF
    - AWSCore
    - AWSMobileClient
    - AWSPluginsCore
    - SQLite.swift

SPEC CHECKSUMS:
  Amplify: e9029b71d965db29a6434692b4bc8ee29ebfa7df
  AmplifyPlugins: eb8621cb3efadb5e955578170aec320b51267935
  AWSAuthCore: 62e92b5ffbd66b8ba0eac471e7f90ccfa76cf63b
  AWSCognitoIdentityProvider: 05f14f7c892df9ff764268d2ac33b4e95288e603
  AWSCognitoIdentityProviderASF: f94f1a502e72ef3d0a1de93e10bf7a79c8698118
  AWSCore: 2b6015f278770e745b4863ac5f45e007e647f298
  AWSMobileClient: 420a899c4691c7f0991daa35daee82a84396ec63
  AWSPluginsCore: 5b1aaeebd0407dcfad03fca13c8c9da8a9039574
  SQLite.swift: d2b4642190917051ce6bd1d49aab565fe794eea3

PODFILE CHECKSUM: cb839fdf2be7907195fad2ff1e777f57d88d4737

COCOAPODS: 1.9.3
