// !$*UTF8*$!
{
	archiveVersion = 1;
	classes = {
	};
	objectVersion = 51;
	objects = {

/* Begin PBXBuildFile section */
		02F82F855DCC45F5A8E378FC /* awsconfiguration.json in Resources */ = {isa = PBXBuildFile; fileRef = 4A01F3822C6F4707B893CA57 /* awsconfiguration.json */; };
		0C394EFAC4EF42EB9B626896 /* amplifyconfiguration.json in Resources */ = {isa = PBXBuildFile; fileRef = F7A64AC8F2814BFAB1021EE1 /* amplifyconfiguration.json */; };
		0C976DF0F24F4C969A19988D /* AmplifyModels.swift in Sources */ = {isa = PBXBuildFile; fileRef = A18597DD0B0E42E1A7EEB597 /* AmplifyModels.swift */; };
		14C1608924AC99D500BE475C /* TodoApp.swift in Sources */ = {isa = PBXBuildFile; fileRef = 14C1608824AC99D500BE475C /* TodoApp.swift */; };
		14C1608B24AC99D500BE475C /* ContentView.swift in Sources */ = {isa = PBXBuildFile; fileRef = 14C1608A24AC99D500BE475C /* ContentView.swift */; };
		14C1608D24AC99D800BE475C /* Assets.xcassets in Resources */ = {isa = PBXBuildFile; fileRef = 14C1608C24AC99D800BE475C /* Assets.xcassets */; };
		14C1609024AC99D800BE475C /* Preview Assets.xcassets in Resources */ = {isa = PBXBuildFile; fileRef = 14C1608F24AC99D800BE475C /* Preview Assets.xcassets */; };
		14C1609824AC9DF800BE475C /* NewTodoView.swift in Sources */ = {isa = PBXBuildFile; fileRef = 14C1609724AC9DF800BE475C /* NewTodoView.swift */; };
		14C1609B24ACC6D400BE475C /* Todo+Extensions.swift in Sources */ = {isa = PBXBuildFile; fileRef = 14C1609A24ACC6D400BE475C /* Todo+Extensions.swift */; };
		151650FC91C8444DACC7A534 /* Todo.swift in Sources */ = {isa = PBXBuildFile; fileRef = 64E6722EDB7C498AB485590B /* Todo.swift */; };
		9EAE3384DBAB40FEA3C37C46 /* Todo+Schema.swift in Sources */ = {isa = PBXBuildFile; fileRef = AA6EBA40B87B41868D9E0224 /* Todo+Schema.swift */; };
		ACCCC6311D040D3F1FF74E7D /* Pods_Todo.framework in Frameworks */ = {isa = PBXBuildFile; fileRef = BD21E0300E72FD002235022D /* Pods_Todo.framework */; };
/* End PBXBuildFile section */

/* Begin PBXFileReference section */
		14C1608524AC99D500BE475C /* Todo.app */ = {isa = PBXFileReference; explicitFileType = wrapper.application; includeInIndex = 0; path = Todo.app; sourceTree = BUILT_PRODUCTS_DIR; };
		14C1608824AC99D500BE475C /* TodoApp.swift */ = {isa = PBXFileReference; lastKnownFileType = sourcecode.swift; path = TodoApp.swift; sourceTree = "<group>"; };
		14C1608A24AC99D500BE475C /* ContentView.swift */ = {isa = PBXFileReference; lastKnownFileType = sourcecode.swift; path = ContentView.swift; sourceTree = "<group>"; };
		14C1608C24AC99D800BE475C /* Assets.xcassets */ = {isa = PBXFileReference; lastKnownFileType = folder.assetcatalog; path = Assets.xcassets; sourceTree = "<group>"; };
		14C1608F24AC99D800BE475C /* Preview Assets.xcassets */ = {isa = PBXFileReference; lastKnownFileType = folder.assetcatalog; path = "Preview Assets.xcassets"; sourceTree = "<group>"; };
		14C1609124AC99D800BE475C /* Info.plist */ = {isa = PBXFileReference; lastKnownFileType = text.plist.xml; path = Info.plist; sourceTree = "<group>"; };
		14C1609724AC9DF800BE475C /* NewTodoView.swift */ = {isa = PBXFileReference; lastKnownFileType = sourcecode.swift; path = NewTodoView.swift; sourceTree = "<group>"; };
		14C1609A24ACC6D400BE475C /* Todo+Extensions.swift */ = {isa = PBXFileReference; lastKnownFileType = sourcecode.swift; path = "Todo+Extensions.swift"; sourceTree = SOURCE_ROOT; };
		250E2E826D8D4A98B5B428FB /* schema.graphql */ = {isa = PBXFileReference; explicitFileType = undefined; fileEncoding = 4; includeInIndex = 0; lastKnownFileType = text; name = schema.graphql; path = amplify/backend/api/amplifyDatasource/schema.graphql; sourceTree = "<group>"; };
		34306204505EB4545A92F21A /* Pods-Todo.release.xcconfig */ = {isa = PBXFileReference; includeInIndex = 1; lastKnownFileType = text.xcconfig; name = "Pods-Todo.release.xcconfig"; path = "Target Support Files/Pods-Todo/Pods-Todo.release.xcconfig"; sourceTree = "<group>"; };
		3E4074F753F247C2B852CC6E /* amplifytools.xcconfig */ = {isa = PBXFileReference; explicitFileType = undefined; fileEncoding = 4; includeInIndex = 0; lastKnownFileType = text.xcconfig; path = amplifytools.xcconfig; sourceTree = "<group>"; };
		4A01F3822C6F4707B893CA57 /* awsconfiguration.json */ = {isa = PBXFileReference; explicitFileType = undefined; fileEncoding = 9; includeInIndex = 0; lastKnownFileType = unknown; path = awsconfiguration.json; sourceTree = "<group>"; };
		64E6722EDB7C498AB485590B /* Todo.swift */ = {isa = PBXFileReference; explicitFileType = undefined; fileEncoding = 4; includeInIndex = 0; lastKnownFileType = sourcecode.swift; name = Todo.swift; path = amplify/generated/models/Todo.swift; sourceTree = "<group>"; };
		9014C2BBA7A95CAF83339F3A /* Pods-Todo.debug.xcconfig */ = {isa = PBXFileReference; includeInIndex = 1; lastKnownFileType = text.xcconfig; name = "Pods-Todo.debug.xcconfig"; path = "Target Support Files/Pods-Todo/Pods-Todo.debug.xcconfig"; sourceTree = "<group>"; };
		A18597DD0B0E42E1A7EEB597 /* AmplifyModels.swift */ = {isa = PBXFileReference; explicitFileType = undefined; fileEncoding = 4; includeInIndex = 0; lastKnownFileType = sourcecode.swift; name = AmplifyModels.swift; path = amplify/generated/models/AmplifyModels.swift; sourceTree = "<group>"; };
		AA6EBA40B87B41868D9E0224 /* Todo+Schema.swift */ = {isa = PBXFileReference; explicitFileType = undefined; fileEncoding = 4; includeInIndex = 0; lastKnownFileType = sourcecode.swift; name = "Todo+Schema.swift"; path = "amplify/generated/models/Todo+Schema.swift"; sourceTree = "<group>"; };
		BD21E0300E72FD002235022D /* Pods_Todo.framework */ = {isa = PBXFileReference; explicitFileType = wrapper.framework; includeInIndex = 0; path = Pods_Todo.framework; sourceTree = BUILT_PRODUCTS_DIR; };
		F7A64AC8F2814BFAB1021EE1 /* amplifyconfiguration.json */ = {isa = PBXFileReference; explicitFileType = undefined; fileEncoding = 9; includeInIndex = 0; lastKnownFileType = unknown; path = amplifyconfiguration.json; sourceTree = "<group>"; };
/* End PBXFileReference section */

/* Begin PBXFrameworksBuildPhase section */
		14C1608224AC99D500BE475C /* Frameworks */ = {
			isa = PBXFrameworksBuildPhase;
			buildActionMask = 2147483647;
			files = (
				ACCCC6311D040D3F1FF74E7D /* Pods_Todo.framework in Frameworks */,
			);
			runOnlyForDeploymentPostprocessing = 0;
		};
/* End PBXFrameworksBuildPhase section */

/* Begin PBXGroup section */
		14C1607C24AC99D500BE475C = {
			isa = PBXGroup;
			children = (
				7AD096EEA8DC42209B4997F0 /* AmplifyModels */,
				70BAF7529D1E465BA62315E9 /* AmplifyConfig */,
				14C1608724AC99D500BE475C /* Todo */,
				14C1608624AC99D500BE475C /* Products */,
				F9A9BD2F4D8A08DE3C53DC9F /* Pods */,
				60B6FC5F96CA16D1CDD8A993 /* Frameworks */,
			);
			sourceTree = "<group>";
		};
		14C1608624AC99D500BE475C /* Products */ = {
			isa = PBXGroup;
			children = (
				14C1608524AC99D500BE475C /* Todo.app */,
			);
			name = Products;
			sourceTree = "<group>";
		};
		14C1608724AC99D500BE475C /* Todo */ = {
			isa = PBXGroup;
			children = (
				14C1609A24ACC6D400BE475C /* Todo+Extensions.swift */,
				14C1608824AC99D500BE475C /* TodoApp.swift */,
				14C1608A24AC99D500BE475C /* ContentView.swift */,
				14C1609724AC9DF800BE475C /* NewTodoView.swift */,
				14C1608C24AC99D800BE475C /* Assets.xcassets */,
				14C1609124AC99D800BE475C /* Info.plist */,
				14C1608E24AC99D800BE475C /* Preview Content */,
			);
			path = Todo;
			sourceTree = "<group>";
		};
		14C1608E24AC99D800BE475C /* Preview Content */ = {
			isa = PBXGroup;
			children = (
				14C1608F24AC99D800BE475C /* Preview Assets.xcassets */,
			);
			path = "Preview Content";
			sourceTree = "<group>";
		};
		60B6FC5F96CA16D1CDD8A993 /* Frameworks */ = {
			isa = PBXGroup;
			children = (
				BD21E0300E72FD002235022D /* Pods_Todo.framework */,
			);
			name = Frameworks;
			sourceTree = "<group>";
		};
		70BAF7529D1E465BA62315E9 /* AmplifyConfig */ = {
			isa = PBXGroup;
			children = (
				3E4074F753F247C2B852CC6E /* amplifytools.xcconfig */,
				F7A64AC8F2814BFAB1021EE1 /* amplifyconfiguration.json */,
				4A01F3822C6F4707B893CA57 /* awsconfiguration.json */,
				250E2E826D8D4A98B5B428FB /* schema.graphql */,
			);
			name = AmplifyConfig;
			path = .;
			sourceTree = "<group>";
		};
		7AD096EEA8DC42209B4997F0 /* AmplifyModels */ = {
			isa = PBXGroup;
			children = (
				A18597DD0B0E42E1A7EEB597 /* AmplifyModels.swift */,
				64E6722EDB7C498AB485590B /* Todo.swift */,
				AA6EBA40B87B41868D9E0224 /* Todo+Schema.swift */,
			);
			name = AmplifyModels;
			path = .;
			sourceTree = "<group>";
		};
		F9A9BD2F4D8A08DE3C53DC9F /* Pods */ = {
			isa = PBXGroup;
			children = (
				9014C2BBA7A95CAF83339F3A /* Pods-Todo.debug.xcconfig */,
				34306204505EB4545A92F21A /* Pods-Todo.release.xcconfig */,
			);
			path = Pods;
			sourceTree = "<group>";
		};
/* End PBXGroup section */

/* Begin PBXNativeTarget section */
		14C1608424AC99D500BE475C /* Todo */ = {
			isa = PBXNativeTarget;
			buildConfigurationList = 14C1609424AC99D800BE475C /* Build configuration list for PBXNativeTarget "Todo" */;
			buildPhases = (
				6B32DA5C0ADF350AC281EE78 /* [CP] Check Pods Manifest.lock */,
				14C1609924ACC3FE00BE475C /* ShellScript */,
				14C1608124AC99D500BE475C /* Sources */,
				14C1608224AC99D500BE475C /* Frameworks */,
				14C1608324AC99D500BE475C /* Resources */,
				705FF0F3E02C6CC2BC835F16 /* [CP] Embed Pods Frameworks */,
			);
			buildRules = (
			);
			dependencies = (
			);
			name = Todo;
			productName = Todo;
			productReference = 14C1608524AC99D500BE475C /* Todo.app */;
			productType = "com.apple.product-type.application";
		};
/* End PBXNativeTarget section */

/* Begin PBXProject section */
		14C1607D24AC99D500BE475C /* Project object */ = {
			isa = PBXProject;
			attributes = {
				LastSwiftUpdateCheck = 1200;
				LastUpgradeCheck = 1200;
				TargetAttributes = {
					14C1608424AC99D500BE475C = {
						CreatedOnToolsVersion = 12.0;
					};
				};
			};
			buildConfigurationList = 14C1608024AC99D500BE475C /* Build configuration list for PBXProject "Todo" */;
			compatibilityVersion = "Xcode 9.3";
			developmentRegion = en;
			hasScannedForEncodings = 0;
			knownRegions = (
				en,
				Base,
			);
			mainGroup = 14C1607C24AC99D500BE475C;
			productRefGroup = 14C1608624AC99D500BE475C /* Products */;
			projectDirPath = "";
			projectRoot = "";
			targets = (
				14C1608424AC99D500BE475C /* Todo */,
			);
		};
/* End PBXProject section */

/* Begin PBXResourcesBuildPhase section */
		14C1608324AC99D500BE475C /* Resources */ = {
			isa = PBXResourcesBuildPhase;
			buildActionMask = 2147483647;
			files = (
				14C1609024AC99D800BE475C /* Preview Assets.xcassets in Resources */,
				14C1608D24AC99D800BE475C /* Assets.xcassets in Resources */,
				0C394EFAC4EF42EB9B626896 /* amplifyconfiguration.json in Resources */,
				02F82F855DCC45F5A8E378FC /* awsconfiguration.json in Resources */,
			);
			runOnlyForDeploymentPostprocessing = 0;
		};
/* End PBXResourcesBuildPhase section */

/* Begin PBXShellScriptBuildPhase section */
		14C1609924ACC3FE00BE475C /* ShellScript */ = {
			isa = PBXShellScriptBuildPhase;
			buildActionMask = 2147483647;
			files = (
			);
			inputFileListPaths = (
			);
			inputPaths = (
			);
			outputFileListPaths = (
			);
			outputPaths = (
			);
			runOnlyForDeploymentPostprocessing = 0;
			shellPath = /bin/sh;
			shellScript = "\"${PODS_ROOT}/AmplifyTools/amplify-tools.sh\"\n";
		};
		6B32DA5C0ADF350AC281EE78 /* [CP] Check Pods Manifest.lock */ = {
			isa = PBXShellScriptBuildPhase;
			buildActionMask = 2147483647;
			files = (
			);
			inputFileListPaths = (
			);
			inputPaths = (
				"${PODS_PODFILE_DIR_PATH}/Podfile.lock",
				"${PODS_ROOT}/Manifest.lock",
			);
			name = "[CP] Check Pods Manifest.lock";
			outputFileListPaths = (
			);
			outputPaths = (
				"$(DERIVED_FILE_DIR)/Pods-Todo-checkManifestLockResult.txt",
			);
			runOnlyForDeploymentPostprocessing = 0;
			shellPath = /bin/sh;
			shellScript = "diff \"${PODS_PODFILE_DIR_PATH}/Podfile.lock\" \"${PODS_ROOT}/Manifest.lock\" > /dev/null\nif [ $? != 0 ] ; then\n    # print error to STDERR\n    echo \"error: The sandbox is not in sync with the Podfile.lock. Run 'pod install' or update your CocoaPods installation.\" >&2\n    exit 1\nfi\n# This output is used by Xcode 'outputs' to avoid re-running this script phase.\necho \"SUCCESS\" > \"${SCRIPT_OUTPUT_FILE_0}\"\n";
			showEnvVarsInLog = 0;
		};
		705FF0F3E02C6CC2BC835F16 /* [CP] Embed Pods Frameworks */ = {
			isa = PBXShellScriptBuildPhase;
			buildActionMask = 2147483647;
			files = (
			);
			inputFileListPaths = (
				"${PODS_ROOT}/Target Support Files/Pods-Todo/Pods-Todo-frameworks-${CONFIGURATION}-input-files.xcfilelist",
			);
			name = "[CP] Embed Pods Frameworks";
			outputFileListPaths = (
				"${PODS_ROOT}/Target Support Files/Pods-Todo/Pods-Todo-frameworks-${CONFIGURATION}-output-files.xcfilelist",
			);
			runOnlyForDeploymentPostprocessing = 0;
			shellPath = /bin/sh;
			shellScript = "\"${PODS_ROOT}/Target Support Files/Pods-Todo/Pods-Todo-frameworks.sh\"\n";
			showEnvVarsInLog = 0;
		};
/* End PBXShellScriptBuildPhase section */

/* Begin PBXSourcesBuildPhase section */
		14C1608124AC99D500BE475C /* Sources */ = {
			isa = PBXSourcesBuildPhase;
			buildActionMask = 2147483647;
			files = (
				14C1609824AC9DF800BE475C /* NewTodoView.swift in Sources */,
				14C1608B24AC99D500BE475C /* ContentView.swift in Sources */,
				14C1609B24ACC6D400BE475C /* Todo+Extensions.swift in Sources */,
				14C1608924AC99D500BE475C /* TodoApp.swift in Sources */,
				0C976DF0F24F4C969A19988D /* AmplifyModels.swift in Sources */,
				151650FC91C8444DACC7A534 /* Todo.swift in Sources */,
				9EAE3384DBAB40FEA3C37C46 /* Todo+Schema.swift in Sources */,
			);
			runOnlyForDeploymentPostprocessing = 0;
		};
/* End PBXSourcesBuildPhase section */

/* Begin XCBuildConfiguration section */
		14C1609224AC99D800BE475C /* Debug */ = {
			isa = XCBuildConfiguration;
			buildSettings = {
				ALWAYS_SEARCH_USER_PATHS = NO;
				CLANG_ANALYZER_NONNULL = YES;
				CLANG_ANALYZER_NUMBER_OBJECT_CONVERSION = YES_AGGRESSIVE;
				CLANG_CXX_LANGUAGE_STANDARD = "gnu++14";
				CLANG_CXX_LIBRARY = "libc++";
				CLANG_ENABLE_MODULES = YES;
				CLANG_ENABLE_OBJC_ARC = YES;
				CLANG_ENABLE_OBJC_WEAK = YES;
				CLANG_WARN_BLOCK_CAPTURE_AUTORELEASING = YES;
				CLANG_WARN_BOOL_CONVERSION = YES;
				CLANG_WARN_COMMA = YES;
				CLANG_WARN_CONSTANT_CONVERSION = YES;
				CLANG_WARN_DEPRECATED_OBJC_IMPLEMENTATIONS = YES;
				CLANG_WARN_DIRECT_OBJC_ISA_USAGE = YES_ERROR;
				CLANG_WARN_DOCUMENTATION_COMMENTS = YES;
				CLANG_WARN_EMPTY_BODY = YES;
				CLANG_WARN_ENUM_CONVERSION = YES;
				CLANG_WARN_INFINITE_RECURSION = YES;
				CLANG_WARN_INT_CONVERSION = YES;
				CLANG_WARN_NON_LITERAL_NULL_CONVERSION = YES;
				CLANG_WARN_OBJC_IMPLICIT_RETAIN_SELF = YES;
				CLANG_WARN_OBJC_LITERAL_CONVERSION = YES;
				CLANG_WARN_OBJC_ROOT_CLASS = YES_ERROR;
				CLANG_WARN_QUOTED_INCLUDE_IN_FRAMEWORK_HEADER = YES;
				CLANG_WARN_RANGE_LOOP_ANALYSIS = YES;
				CLANG_WARN_STRICT_PROTOTYPES = YES;
				CLANG_WARN_SUSPICIOUS_MOVE = YES;
				CLANG_WARN_UNGUARDED_AVAILABILITY = YES_AGGRESSIVE;
				CLANG_WARN_UNREACHABLE_CODE = YES;
				CLANG_WARN__DUPLICATE_METHOD_MATCH = YES;
				COPY_PHASE_STRIP = NO;
				DEBUG_INFORMATION_FORMAT = dwarf;
				ENABLE_STRICT_OBJC_MSGSEND = YES;
				ENABLE_TESTABILITY = YES;
				GCC_C_LANGUAGE_STANDARD = gnu11;
				GCC_DYNAMIC_NO_PIC = NO;
				GCC_NO_COMMON_BLOCKS = YES;
				GCC_OPTIMIZATION_LEVEL = 0;
				GCC_PREPROCESSOR_DEFINITIONS = (
					"DEBUG=1",
					"$(inherited)",
				);
				GCC_WARN_64_TO_32_BIT_CONVERSION = YES;
				GCC_WARN_ABOUT_RETURN_TYPE = YES_ERROR;
				GCC_WARN_UNDECLARED_SELECTOR = YES;
				GCC_WARN_UNINITIALIZED_AUTOS = YES_AGGRESSIVE;
				GCC_WARN_UNUSED_FUNCTION = YES;
				GCC_WARN_UNUSED_VARIABLE = YES;
				IPHONEOS_DEPLOYMENT_TARGET = 14.0;
				MTL_ENABLE_DEBUG_INFO = INCLUDE_SOURCE;
				MTL_FAST_MATH = YES;
				ONLY_ACTIVE_ARCH = YES;
				SDKROOT = iphoneos;
				SWIFT_ACTIVE_COMPILATION_CONDITIONS = DEBUG;
				SWIFT_OPTIMIZATION_LEVEL = "-Onone";
			};
			name = Debug;
		};
		14C1609324AC99D800BE475C /* Release */ = {
			isa = XCBuildConfiguration;
			buildSettings = {
				ALWAYS_SEARCH_USER_PATHS = NO;
				CLANG_ANALYZER_NONNULL = YES;
				CLANG_ANALYZER_NUMBER_OBJECT_CONVERSION = YES_AGGRESSIVE;
				CLANG_CXX_LANGUAGE_STANDARD = "gnu++14";
				CLANG_CXX_LIBRARY = "libc++";
				CLANG_ENABLE_MODULES = YES;
				CLANG_ENABLE_OBJC_ARC = YES;
				CLANG_ENABLE_OBJC_WEAK = YES;
				CLANG_WARN_BLOCK_CAPTURE_AUTORELEASING = YES;
				CLANG_WARN_BOOL_CONVERSION = YES;
				CLANG_WARN_COMMA = YES;
				CLANG_WARN_CONSTANT_CONVERSION = YES;
				CLANG_WARN_DEPRECATED_OBJC_IMPLEMENTATIONS = YES;
				CLANG_WARN_DIRECT_OBJC_ISA_USAGE = YES_ERROR;
				CLANG_WARN_DOCUMENTATION_COMMENTS = YES;
				CLANG_WARN_EMPTY_BODY = YES;
				CLANG_WARN_ENUM_CONVERSION = YES;
				CLANG_WARN_INFINITE_RECURSION = YES;
				CLANG_WARN_INT_CONVERSION = YES;
				CLANG_WARN_NON_LITERAL_NULL_CONVERSION = YES;
				CLANG_WARN_OBJC_IMPLICIT_RETAIN_SELF = YES;
				CLANG_WARN_OBJC_LITERAL_CONVERSION = YES;
				CLANG_WARN_OBJC_ROOT_CLASS = YES_ERROR;
				CLANG_WARN_QUOTED_INCLUDE_IN_FRAMEWORK_HEADER = YES;
				CLANG_WARN_RANGE_LOOP_ANALYSIS = YES;
				CLANG_WARN_STRICT_PROTOTYPES = YES;
				CLANG_WARN_SUSPICIOUS_MOVE = YES;
				CLANG_WARN_UNGUARDED_AVAILABILITY = YES_AGGRESSIVE;
				CLANG_WARN_UNREACHABLE_CODE = YES;
				CLANG_WARN__DUPLICATE_METHOD_MATCH = YES;
				COPY_PHASE_STRIP = NO;
				DEBUG_INFORMATION_FORMAT = "dwarf-with-dsym";
				ENABLE_NS_ASSERTIONS = NO;
				ENABLE_STRICT_OBJC_MSGSEND = YES;
				GCC_C_LANGUAGE_STANDARD = gnu11;
				GCC_NO_COMMON_BLOCKS = YES;
				GCC_WARN_64_TO_32_BIT_CONVERSION = YES;
				GCC_WARN_ABOUT_RETURN_TYPE = YES_ERROR;
				GCC_WARN_UNDECLARED_SELECTOR = YES;
				GCC_WARN_UNINITIALIZED_AUTOS = YES_AGGRESSIVE;
				GCC_WARN_UNUSED_FUNCTION = YES;
				GCC_WARN_UNUSED_VARIABLE = YES;
				IPHONEOS_DEPLOYMENT_TARGET = 14.0;
				MTL_ENABLE_DEBUG_INFO = NO;
				MTL_FAST_MATH = YES;
				SDKROOT = iphoneos;
				SWIFT_COMPILATION_MODE = wholemodule;
				SWIFT_OPTIMIZATION_LEVEL = "-O";
				VALIDATE_PRODUCT = YES;
			};
			name = Release;
		};
		14C1609524AC99D800BE475C /* Debug */ = {
			isa = XCBuildConfiguration;
			baseConfigurationReference = 9014C2BBA7A95CAF83339F3A /* Pods-Todo.debug.xcconfig */;
			buildSettings = {
				ASSETCATALOG_COMPILER_APPICON_NAME = AppIcon;
				ASSETCATALOG_COMPILER_GLOBAL_ACCENT_COLOR_NAME = AccentColor;
				CODE_SIGN_STYLE = Automatic;
				DEVELOPMENT_ASSET_PATHS = "\"Todo/Preview Content\"";
				DEVELOPMENT_TEAM = ND2LGZT6B5;
				ENABLE_PREVIEWS = YES;
				INFOPLIST_FILE = Todo/Info.plist;
				IPHONEOS_DEPLOYMENT_TARGET = 14.0;
				LD_RUNPATH_SEARCH_PATHS = (
					"$(inherited)",
					"@executable_path/Frameworks",
				);
				PRODUCT_BUNDLE_IDENTIFIER = com.dengli.Todo;
				PRODUCT_NAME = "$(TARGET_NAME)";
				SWIFT_VERSION = 5.0;
				TARGETED_DEVICE_FAMILY = 1;
			};
			name = Debug;
		};
		14C1609624AC99D800BE475C /* Release */ = {
			isa = XCBuildConfiguration;
			baseConfigurationReference = 34306204505EB4545A92F21A /* Pods-Todo.release.xcconfig */;
			buildSettings = {
				ASSETCATALOG_COMPILER_APPICON_NAME = AppIcon;
				ASSETCATALOG_COMPILER_GLOBAL_ACCENT_COLOR_NAME = AccentColor;
				CODE_SIGN_STYLE = Automatic;
				DEVELOPMENT_ASSET_PATHS = "\"Todo/Preview Content\"";
				DEVELOPMENT_TEAM = ND2LGZT6B5;
				ENABLE_PREVIEWS = YES;
				INFOPLIST_FILE = Todo/Info.plist;
				IPHONEOS_DEPLOYMENT_TARGET = 14.0;
				LD_RUNPATH_SEARCH_PATHS = (
					"$(inherited)",
					"@executable_path/Frameworks",
				);
				PRODUCT_BUNDLE_IDENTIFIER = com.dengli.Todo;
				PRODUCT_NAME = "$(TARGET_NAME)";
				SWIFT_VERSION = 5.0;
				TARGETED_DEVICE_FAMILY = 1;
			};
			name = Release;
		};
/* End XCBuildConfiguration section */

/* Begin XCConfigurationList section */
		14C1608024AC99D500BE475C /* Build configuration list for PBXProject "Todo" */ = {
			isa = XCConfigurationList;
			buildConfigurations = (
				14C1609224AC99D800BE475C /* Debug */,
				14C1609324AC99D800BE475C /* Release */,
			);
			defaultConfigurationIsVisible = 0;
			defaultConfigurationName = Release;
		};
		14C1609424AC99D800BE475C /* Build configuration list for PBXNativeTarget "Todo" */ = {
			isa = XCConfigurationList;
			buildConfigurations = (
				14C1609524AC99D800BE475C /* Debug */,
				14C1609624AC99D800BE475C /* Release */,
			);
			defaultConfigurationIsVisible = 0;
			defaultConfigurationName = Release;
		};
/* End XCConfigurationList section */
	};
	rootObject = 14C1607D24AC99D500BE475C /* Project object */;
}
